
Microsoft Visual Studio Solution File, Format Version 12.00
# Visual Studio Version 17
VisualStudioVersion = 17.4.33110.190
MinimumVisualStudioVersion = 10.0.40219.1
Project("{FAE04EC0-301F-11D3-BF4B-00C04F79EFBC}") = "ThemostarEventsApp", "ThemostarEventsApp\ThemostarEventsApp.csproj", "{58A79391-5DEE-42A6-BE56-381B044BBD08}"
EndProject
Global
	GlobalSection(SolutionConfigurationPlatforms) = preSolution
		Debug|Any CPU = Debug|Any CPU
		Release|Any CPU = Release|Any CPU
	EndGlobalSection
	GlobalSection(ProjectConfigurationPlatforms) = postSolution
		{58A79391-5DEE-42A6-BE56-381B044BBD08}.Debug|Any CPU.ActiveCfg = Debug|Any CPU
		{58A79391-5DEE-42A6-BE56-381B044BBD08}.Debug|Any CPU.Build.0 = Debug|Any CPU
		{58A79391-5DEE-42A6-BE56-381B044BBD08}.Release|Any CPU.ActiveCfg = Release|Any CPU
		{58A79391-5DEE-42A6-BE56-381B044BBD08}.Release|Any CPU.Build.0 = Release|Any CPU
	EndGlobalSection
	GlobalSection(SolutionProperties) = preSolution
		HideSolutionNode = FALSE
	EndGlobalSection
	GlobalSection(ExtensibilityGlobals) = postSolution
		SolutionGuid = {13C96E60-23D1-4122-AD28-D46F1E2BE400}
	EndGlobalSection
EndGlobal
